
Microsoft Visual Studio Solution File, Format Version 12.00
# Visual Studio Version 17
VisualStudioVersion = 17.11.35219.272
MinimumVisualStudioVersion = 10.0.40219.1
Project("{FAE04EC0-301F-11D3-BF4B-00C04F79EFBC}") = "APITechZap", "APITechZap\APITechZap.csproj", "{B5B414F9-5825-483E-B0FD-5E61B01E2D47}"
EndProject
Project("{FAE04EC0-301F-11D3-BF4B-00C04F79EFBC}") = "TestAPITechZap", "TestAPITechZap\TestAPITechZap.csproj", "{674EF1BF-08E7-4110-8B9C-FF2CB982AB87}"
EndProject
Global
	GlobalSection(SolutionConfigurationPlatforms) = preSolution
		Debug|Any CPU = Debug|Any CPU
		Release|Any CPU = Release|Any CPU
	EndGlobalSection
	GlobalSection(ProjectConfigurationPlatforms) = postSolution
		{B5B414F9-5825-483E-B0FD-5E61B01E2D47}.Debug|Any CPU.ActiveCfg = Debug|Any CPU
		{B5B414F9-5825-483E-B0FD-5E61B01E2D47}.Debug|Any CPU.Build.0 = Debug|Any CPU
		{B5B414F9-5825-483E-B0FD-5E61B01E2D47}.Release|Any CPU.ActiveCfg = Release|Any CPU
		{B5B414F9-5825-483E-B0FD-5E61B01E2D47}.Release|Any CPU.Build.0 = Release|Any CPU
		{674EF1BF-08E7-4110-8B9C-FF2CB982AB87}.Debug|Any CPU.ActiveCfg = Debug|Any CPU
		{674EF1BF-08E7-4110-8B9C-FF2CB982AB87}.Debug|Any CPU.Build.0 = Debug|Any CPU
		{674EF1BF-08E7-4110-8B9C-FF2CB982AB87}.Release|Any CPU.ActiveCfg = Release|Any CPU
		{674EF1BF-08E7-4110-8B9C-FF2CB982AB87}.Release|Any CPU.Build.0 = Release|Any CPU
	EndGlobalSection
	GlobalSection(SolutionProperties) = preSolution
		HideSolutionNode = FALSE
	EndGlobalSection
	GlobalSection(ExtensibilityGlobals) = postSolution
		SolutionGuid = {EC4C0507-0E43-4001-8ED6-8D13ED3846E5}
	EndGlobalSection
EndGlobal
